// !$*UTF8*$!
{
	archiveVersion = 1;
	classes = {
	};
	objectVersion = 48;
	objects = {

/* Begin PBXBuildFile section */
		D689561D1FFB351F00601423 /* AppDelegate.swift in Sources */ = {isa = PBXBuildFile; fileRef = D689561C1FFB351F00601423 /* AppDelegate.swift */; };
		D689561F1FFB351F00601423 /* ViewController.swift in Sources */ = {isa = PBXBuildFile; fileRef = D689561E1FFB351F00601423 /* ViewController.swift */; };
		D68956221FFB351F00601423 /* Main.storyboard in Resources */ = {isa = PBXBuildFile; fileRef = D68956201FFB351F00601423 /* Main.storyboard */; };
		D68956241FFB351F00601423 /* Assets.xcassets in Resources */ = {isa = PBXBuildFile; fileRef = D68956231FFB351F00601423 /* Assets.xcassets */; };
		D68956271FFB351F00601423 /* LaunchScreen.storyboard in Resources */ = {isa = PBXBuildFile; fileRef = D68956251FFB351F00601423 /* LaunchScreen.storyboard */; };
		D68956321FFB351F00601423 /* R360CrawlerSDKTestTests.swift in Sources */ = {isa = PBXBuildFile; fileRef = D68956311FFB351F00601423 /* R360CrawlerSDKTestTests.swift */; };
		D689563D1FFB351F00601423 /* R360CrawlerSDKTestUITests.swift in Sources */ = {isa = PBXBuildFile; fileRef = D689563C1FFB351F00601423 /* R360CrawlerSDKTestUITests.swift */; };
/* End PBXBuildFile section */

/* Begin PBXContainerItemProxy section */
		D689562E1FFB351F00601423 /* PBXContainerItemProxy */ = {
			isa = PBXContainerItemProxy;
			containerPortal = D68956111FFB351F00601423 /* Project object */;
			proxyType = 1;
			remoteGlobalIDString = D68956181FFB351F00601423;
			remoteInfo = R360CrawlerSDKTest;
		};
		D68956391FFB351F00601423 /* PBXContainerItemProxy */ = {
			isa = PBXContainerItemProxy;
			containerPortal = D68956111FFB351F00601423 /* Project object */;
			proxyType = 1;
			remoteGlobalIDString = D68956181FFB351F00601423;
			remoteInfo = R360CrawlerSDKTest;
		};
/* End PBXContainerItemProxy section */

/* Begin PBXFileReference section */
		D68956191FFB351F00601423 /* R360CrawlerSDKTest.app */ = {isa = PBXFileReference; explicitFileType = wrapper.application; includeInIndex = 0; path = R360CrawlerSDKTest.app; sourceTree = BUILT_PRODUCTS_DIR; };
		D689561C1FFB351F00601423 /* AppDelegate.swift */ = {isa = PBXFileReference; lastKnownFileType = sourcecode.swift; path = AppDelegate.swift; sourceTree = "<group>"; };
		D689561E1FFB351F00601423 /* ViewController.swift */ = {isa = PBXFileReference; lastKnownFileType = sourcecode.swift; path = ViewController.swift; sourceTree = "<group>"; };
		D68956211FFB351F00601423 /* Base */ = {isa = PBXFileReference; lastKnownFileType = file.storyboard; name = Base; path = Base.lproj/Main.storyboard; sourceTree = "<group>"; };
		D68956231FFB351F00601423 /* Assets.xcassets */ = {isa = PBXFileReference; lastKnownFileType = folder.assetcatalog; path = Assets.xcassets; sourceTree = "<group>"; };
		D68956261FFB351F00601423 /* Base */ = {isa = PBXFileReference; lastKnownFileType = file.storyboard; name = Base; path = Base.lproj/LaunchScreen.storyboard; sourceTree = "<group>"; };
		D68956281FFB351F00601423 /* Info.plist */ = {isa = PBXFileReference; lastKnownFileType = text.plist.xml; path = Info.plist; sourceTree = "<group>"; };
		D689562D1FFB351F00601423 /* R360CrawlerSDKTestTests.xctest */ = {isa = PBXFileReference; explicitFileType = wrapper.cfbundle; includeInIndex = 0; path = R360CrawlerSDKTestTests.xctest; sourceTree = BUILT_PRODUCTS_DIR; };
		D68956311FFB351F00601423 /* R360CrawlerSDKTestTests.swift */ = {isa = PBXFileReference; lastKnownFileType = sourcecode.swift; path = R360CrawlerSDKTestTests.swift; sourceTree = "<group>"; };
		D68956331FFB351F00601423 /* Info.plist */ = {isa = PBXFileReference; lastKnownFileType = text.plist.xml; path = Info.plist; sourceTree = "<group>"; };
		D68956381FFB351F00601423 /* R360CrawlerSDKTestUITests.xctest */ = {isa = PBXFileReference; explicitFileType = wrapper.cfbundle; includeInIndex = 0; path = R360CrawlerSDKTestUITests.xctest; sourceTree = BUILT_PRODUCTS_DIR; };
		D689563C1FFB351F00601423 /* R360CrawlerSDKTestUITests.swift */ = {isa = PBXFileReference; lastKnownFileType = sourcecode.swift; path = R360CrawlerSDKTestUITests.swift; sourceTree = "<group>"; };
		D689563E1FFB352000601423 /* Info.plist */ = {isa = PBXFileReference; lastKnownFileType = text.plist.xml; path = Info.plist; sourceTree = "<group>"; };
		D689564A1FFB352E00601423 /* R360CrawlerSDKTest-Bridging-Header.h */ = {isa = PBXFileReference; lastKnownFileType = sourcecode.c.h; path = "R360CrawlerSDKTest-Bridging-Header.h"; sourceTree = "<group>"; };
/* End PBXFileReference section */

/* Begin PBXFrameworksBuildPhase section */
		D68956161FFB351F00601423 /* Frameworks */ = {
			isa = PBXFrameworksBuildPhase;
			buildActionMask = 2147483647;
			files = (
			);
			runOnlyForDeploymentPostprocessing = 0;
		};
		D689562A1FFB351F00601423 /* Frameworks */ = {
			isa = PBXFrameworksBuildPhase;
			buildActionMask = 2147483647;
			files = (
			);
			runOnlyForDeploymentPostprocessing = 0;
		};
		D68956351FFB351F00601423 /* Frameworks */ = {
			isa = PBXFrameworksBuildPhase;
			buildActionMask = 2147483647;
			files = (
			);
			runOnlyForDeploymentPostprocessing = 0;
		};
/* End PBXFrameworksBuildPhase section */

/* Begin PBXGroup section */
		D68956101FFB351F00601423 = {
			isa = PBXGroup;
			children = (
				D689561B1FFB351F00601423 /* R360CrawlerSDKTest */,
				D68956301FFB351F00601423 /* R360CrawlerSDKTestTests */,
				D689563B1FFB351F00601423 /* R360CrawlerSDKTestUITests */,
				D689561A1FFB351F00601423 /* Products */,
			);
			sourceTree = "<group>";
		};
		D689561A1FFB351F00601423 /* Products */ = {
			isa = PBXGroup;
			children = (
				D68956191FFB351F00601423 /* R360CrawlerSDKTest.app */,
				D689562D1FFB351F00601423 /* R360CrawlerSDKTestTests.xctest */,
				D68956381FFB351F00601423 /* R360CrawlerSDKTestUITests.xctest */,
			);
			name = Products;
			sourceTree = "<group>";
		};
		D689561B1FFB351F00601423 /* R360CrawlerSDKTest */ = {
			isa = PBXGroup;
			children = (
				D689561C1FFB351F00601423 /* AppDelegate.swift */,
				D689561E1FFB351F00601423 /* ViewController.swift */,
				D68956201FFB351F00601423 /* Main.storyboard */,
				D68956231FFB351F00601423 /* Assets.xcassets */,
				D68956251FFB351F00601423 /* LaunchScreen.storyboard */,
				D68956281FFB351F00601423 /* Info.plist */,
				D689564A1FFB352E00601423 /* R360CrawlerSDKTest-Bridging-Header.h */,
			);
			path = R360CrawlerSDKTest;
			sourceTree = "<group>";
		};
		D68956301FFB351F00601423 /* R360CrawlerSDKTestTests */ = {
			isa = PBXGroup;
			children = (
				D68956311FFB351F00601423 /* R360CrawlerSDKTestTests.swift */,
				D68956331FFB351F00601423 /* Info.plist */,
			);
			path = R360CrawlerSDKTestTests;
			sourceTree = "<group>";
		};
		D689563B1FFB351F00601423 /* R360CrawlerSDKTestUITests */ = {
			isa = PBXGroup;
			children = (
				D689563C1FFB351F00601423 /* R360CrawlerSDKTestUITests.swift */,
				D689563E1FFB352000601423 /* Info.plist */,
			);
			path = R360CrawlerSDKTestUITests;
			sourceTree = "<group>";
		};
/* End PBXGroup section */

/* Begin PBXNativeTarget section */
		D68956181FFB351F00601423 /* R360CrawlerSDKTest */ = {
			isa = PBXNativeTarget;
			buildConfigurationList = D68956411FFB352000601423 /* Build configuration list for PBXNativeTarget "R360CrawlerSDKTest" */;
			buildPhases = (
				D68956151FFB351F00601423 /* Sources */,
				D68956161FFB351F00601423 /* Frameworks */,
				D68956171FFB351F00601423 /* Resources */,
			);
			buildRules = (
			);
			dependencies = (
			);
			name = R360CrawlerSDKTest;
			productName = R360CrawlerSDKTest;
			productReference = D68956191FFB351F00601423 /* R360CrawlerSDKTest.app */;
			productType = "com.apple.product-type.application";
		};
		D689562C1FFB351F00601423 /* R360CrawlerSDKTestTests */ = {
			isa = PBXNativeTarget;
			buildConfigurationList = D68956441FFB352000601423 /* Build configuration list for PBXNativeTarget "R360CrawlerSDKTestTests" */;
			buildPhases = (
				D68956291FFB351F00601423 /* Sources */,
				D689562A1FFB351F00601423 /* Frameworks */,
				D689562B1FFB351F00601423 /* Resources */,
			);
			buildRules = (
			);
			dependencies = (
				D689562F1FFB351F00601423 /* PBXTargetDependency */,
			);
			name = R360CrawlerSDKTestTests;
			productName = R360CrawlerSDKTestTests;
			productReference = D689562D1FFB351F00601423 /* R360CrawlerSDKTestTests.xctest */;
			productType = "com.apple.product-type.bundle.unit-test";
		};
		D68956371FFB351F00601423 /* R360CrawlerSDKTestUITests */ = {
			isa = PBXNativeTarget;
			buildConfigurationList = D68956471FFB352000601423 /* Build configuration list for PBXNativeTarget "R360CrawlerSDKTestUITests" */;
			buildPhases = (
				D68956341FFB351F00601423 /* Sources */,
				D68956351FFB351F00601423 /* Frameworks */,
				D68956361FFB351F00601423 /* Resources */,
			);
			buildRules = (
			);
			dependencies = (
				D689563A1FFB351F00601423 /* PBXTargetDependency */,
			);
			name = R360CrawlerSDKTestUITests;
			productName = R360CrawlerSDKTestUITests;
			productReference = D68956381FFB351F00601423 /* R360CrawlerSDKTestUITests.xctest */;
			productType = "com.apple.product-type.bundle.ui-testing";
		};
/* End PBXNativeTarget section */

/* Begin PBXProject section */
		D68956111FFB351F00601423 /* Project object */ = {
			isa = PBXProject;
			attributes = {
				LastSwiftUpdateCheck = 0920;
				LastUpgradeCheck = 0920;
				ORGANIZATIONNAME = "赵宏亚";
				TargetAttributes = {
					D68956181FFB351F00601423 = {
						CreatedOnToolsVersion = 9.2;
						LastSwiftMigration = 0920;
						ProvisioningStyle = Automatic;
					};
					D689562C1FFB351F00601423 = {
						CreatedOnToolsVersion = 9.2;
						ProvisioningStyle = Automatic;
						TestTargetID = D68956181FFB351F00601423;
					};
					D68956371FFB351F00601423 = {
						CreatedOnToolsVersion = 9.2;
						ProvisioningStyle = Automatic;
						TestTargetID = D68956181FFB351F00601423;
					};
				};
			};
			buildConfigurationList = D68956141FFB351F00601423 /* Build configuration list for PBXProject "R360CrawlerSDKTest" */;
			compatibilityVersion = "Xcode 8.0";
			developmentRegion = en;
			hasScannedForEncodings = 0;
			knownRegions = (
				en,
				Base,
			);
			mainGroup = D68956101FFB351F00601423;
			productRefGroup = D689561A1FFB351F00601423 /* Products */;
			projectDirPath = "";
			projectRoot = "";
			targets = (
				D68956181FFB351F00601423 /* R360CrawlerSDKTest */,
				D689562C1FFB351F00601423 /* R360CrawlerSDKTestTests */,
				D68956371FFB351F00601423 /* R360CrawlerSDKTestUITests */,
			);
		};
/* End PBXProject section */

/* Begin PBXResourcesBuildPhase section */
		D68956171FFB351F00601423 /* Resources */ = {
			isa = PBXResourcesBuildPhase;
			buildActionMask = 2147483647;
			files = (
				D68956271FFB351F00601423 /* LaunchScreen.storyboard in Resources */,
				D68956241FFB351F00601423 /* Assets.xcassets in Resources */,
				D68956221FFB351F00601423 /* Main.storyboard in Resources */,
			);
			runOnlyForDeploymentPostprocessing = 0;
		};
		D689562B1FFB351F00601423 /* Resources */ = {
			isa = PBXResourcesBuildPhase;
			buildActionMask = 2147483647;
			files = (
			);
			runOnlyForDeploymentPostprocessing = 0;
		};
		D68956361FFB351F00601423 /* Resources */ = {
			isa = PBXResourcesBuildPhase;
			buildActionMask = 2147483647;
			files = (
			);
			runOnlyForDeploymentPostprocessing = 0;
		};
/* End PBXResourcesBuildPhase section */

/* Begin PBXSourcesBuildPhase section */
		D68956151FFB351F00601423 /* Sources */ = {
			isa = PBXSourcesBuildPhase;
			buildActionMask = 2147483647;
			files = (
				D689561F1FFB351F00601423 /* ViewController.swift in Sources */,
				D689561D1FFB351F00601423 /* AppDelegate.swift in Sources */,
			);
			runOnlyForDeploymentPostprocessing = 0;
		};
		D68956291FFB351F00601423 /* Sources */ = {
			isa = PBXSourcesBuildPhase;
			buildActionMask = 2147483647;
			files = (
				D68956321FFB351F00601423 /* R360CrawlerSDKTestTests.swift in Sources */,
			);
			runOnlyForDeploymentPostprocessing = 0;
		};
		D68956341FFB351F00601423 /* Sources */ = {
			isa = PBXSourcesBuildPhase;
			buildActionMask = 2147483647;
			files = (
				D689563D1FFB351F00601423 /* R360CrawlerSDKTestUITests.swift in Sources */,
			);
			runOnlyForDeploymentPostprocessing = 0;
		};
/* End PBXSourcesBuildPhase section */

/* Begin PBXTargetDependency section */
		D689562F1FFB351F00601423 /* PBXTargetDependency */ = {
			isa = PBXTargetDependency;
			target = D68956181FFB351F00601423 /* R360CrawlerSDKTest */;
			targetProxy = D689562E1FFB351F00601423 /* PBXContainerItemProxy */;
		};
		D689563A1FFB351F00601423 /* PBXTargetDependency */ = {
			isa = PBXTargetDependency;
			target = D68956181FFB351F00601423 /* R360CrawlerSDKTest */;
			targetProxy = D68956391FFB351F00601423 /* PBXContainerItemProxy */;
		};
/* End PBXTargetDependency section */

/* Begin PBXVariantGroup section */
		D68956201FFB351F00601423 /* Main.storyboard */ = {
			isa = PBXVariantGroup;
			children = (
				D68956211FFB351F00601423 /* Base */,
			);
			name = Main.storyboard;
			sourceTree = "<group>";
		};
		D68956251FFB351F00601423 /* LaunchScreen.storyboard */ = {
			isa = PBXVariantGroup;
			children = (
				D68956261FFB351F00601423 /* Base */,
			);
			name = LaunchScreen.storyboard;
			sourceTree = "<group>";
		};
/* End PBXVariantGroup section */

/* Begin XCBuildConfiguration section */
		D689563F1FFB352000601423 /* Debug */ = {
			isa = XCBuildConfiguration;
			buildSettings = {
				ALWAYS_SEARCH_USER_PATHS = NO;
				CLANG_ANALYZER_NONNULL = YES;
				CLANG_ANALYZER_NUMBER_OBJECT_CONVERSION = YES_AGGRESSIVE;
				CLANG_CXX_LANGUAGE_STANDARD = "gnu++14";
				CLANG_CXX_LIBRARY = "libc++";
				CLANG_ENABLE_MODULES = YES;
				CLANG_ENABLE_OBJC_ARC = YES;
				CLANG_WARN_BLOCK_CAPTURE_AUTORELEASING = YES;
				CLANG_WARN_BOOL_CONVERSION = YES;
				CLANG_WARN_COMMA = YES;
				CLANG_WARN_CONSTANT_CONVERSION = YES;
				CLANG_WARN_DIRECT_OBJC_ISA_USAGE = YES_ERROR;
				CLANG_WARN_DOCUMENTATION_COMMENTS = YES;
				CLANG_WARN_EMPTY_BODY = YES;
				CLANG_WARN_ENUM_CONVERSION = YES;
				CLANG_WARN_INFINITE_RECURSION = YES;
				CLANG_WARN_INT_CONVERSION = YES;
				CLANG_WARN_NON_LITERAL_NULL_CONVERSION = YES;
				CLANG_WARN_OBJC_LITERAL_CONVERSION = YES;
				CLANG_WARN_OBJC_ROOT_CLASS = YES_ERROR;
				CLANG_WARN_RANGE_LOOP_ANALYSIS = YES;
				CLANG_WARN_STRICT_PROTOTYPES = YES;
				CLANG_WARN_SUSPICIOUS_MOVE = YES;
				CLANG_WARN_UNGUARDED_AVAILABILITY = YES_AGGRESSIVE;
				CLANG_WARN_UNREACHABLE_CODE = YES;
				CLANG_WARN__DUPLICATE_METHOD_MATCH = YES;
				CODE_SIGN_IDENTITY = "iPhone Developer";
				COPY_PHASE_STRIP = NO;
				DEBUG_INFORMATION_FORMAT = dwarf;
				ENABLE_STRICT_OBJC_MSGSEND = YES;
				ENABLE_TESTABILITY = YES;
				GCC_C_LANGUAGE_STANDARD = gnu11;
				GCC_DYNAMIC_NO_PIC = NO;
				GCC_NO_COMMON_BLOCKS = YES;
				GCC_OPTIMIZATION_LEVEL = 0;
				GCC_PREPROCESSOR_DEFINITIONS = (
					"DEBUG=1",
					"$(inherited)",
				);
				GCC_WARN_64_TO_32_BIT_CONVERSION = YES;
				GCC_WARN_ABOUT_RETURN_TYPE = YES_ERROR;
				GCC_WARN_UNDECLARED_SELECTOR = YES;
				GCC_WARN_UNINITIALIZED_AUTOS = YES_AGGRESSIVE;
				GCC_WARN_UNUSED_FUNCTION = YES;
				GCC_WARN_UNUSED_VARIABLE = YES;
				IPHONEOS_DEPLOYMENT_TARGET = 11.2;
				MTL_ENABLE_DEBUG_INFO = YES;
				ONLY_ACTIVE_ARCH = YES;
				SDKROOT = iphoneos;
				SWIFT_ACTIVE_COMPILATION_CONDITIONS = DEBUG;
				SWIFT_OPTIMIZATION_LEVEL = "-Onone";
			};
			name = Debug;
		};
		D68956401FFB352000601423 /* Release */ = {
			isa = XCBuildConfiguration;
			buildSettings = {
				ALWAYS_SEARCH_USER_PATHS = NO;
				CLANG_ANALYZER_NONNULL = YES;
				CLANG_ANALYZER_NUMBER_OBJECT_CONVERSION = YES_AGGRESSIVE;
				CLANG_CXX_LANGUAGE_STANDARD = "gnu++14";
				CLANG_CXX_LIBRARY = "libc++";
				CLANG_ENABLE_MODULES = YES;
				CLANG_ENABLE_OBJC_ARC = YES;
				CLANG_WARN_BLOCK_CAPTURE_AUTORELEASING = YES;
				CLANG_WARN_BOOL_CONVERSION = YES;
				CLANG_WARN_COMMA = YES;
				CLANG_WARN_CONSTANT_CONVERSION = YES;
				CLANG_WARN_DIRECT_OBJC_ISA_USAGE = YES_ERROR;
				CLANG_WARN_DOCUMENTATION_COMMENTS = YES;
				CLANG_WARN_EMPTY_BODY = YES;
				CLANG_WARN_ENUM_CONVERSION = YES;
				CLANG_WARN_INFINITE_RECURSION = YES;
				CLANG_WARN_INT_CONVERSION = YES;
				CLANG_WARN_NON_LITERAL_NULL_CONVERSION = YES;
				CLANG_WARN_OBJC_LITERAL_CONVERSION = YES;
				CLANG_WARN_OBJC_ROOT_CLASS = YES_ERROR;
				CLANG_WARN_RANGE_LOOP_ANALYSIS = YES;
				CLANG_WARN_STRICT_PROTOTYPES = YES;
				CLANG_WARN_SUSPICIOUS_MOVE = YES;
				CLANG_WARN_UNGUARDED_AVAILABILITY = YES_AGGRESSIVE;
				CLANG_WARN_UNREACHABLE_CODE = YES;
				CLANG_WARN__DUPLICATE_METHOD_MATCH = YES;
				CODE_SIGN_IDENTITY = "iPhone Developer";
				COPY_PHASE_STRIP = NO;
				DEBUG_INFORMATION_FORMAT = "dwarf-with-dsym";
				ENABLE_NS_ASSERTIONS = NO;
				ENABLE_STRICT_OBJC_MSGSEND = YES;
				GCC_C_LANGUAGE_STANDARD = gnu11;
				GCC_NO_COMMON_BLOCKS = YES;
				GCC_WARN_64_TO_32_BIT_CONVERSION = YES;
				GCC_WARN_ABOUT_RETURN_TYPE = YES_ERROR;
				GCC_WARN_UNDECLARED_SELECTOR = YES;
				GCC_WARN_UNINITIALIZED_AUTOS = YES_AGGRESSIVE;
				GCC_WARN_UNUSED_FUNCTION = YES;
				GCC_WARN_UNUSED_VARIABLE = YES;
				IPHONEOS_DEPLOYMENT_TARGET = 11.2;
				MTL_ENABLE_DEBUG_INFO = NO;
				SDKROOT = iphoneos;
				SWIFT_OPTIMIZATION_LEVEL = "-Owholemodule";
				VALIDATE_PRODUCT = YES;
			};
			name = Release;
		};
		D68956421FFB352000601423 /* Debug */ = {
			isa = XCBuildConfiguration;
			buildSettings = {
				ASSETCATALOG_COMPILER_APPICON_NAME = AppIcon;
				CLANG_ENABLE_MODULES = YES;
				CODE_SIGN_STYLE = Automatic;
				DEVELOPMENT_TEAM = GM2EX5ALF4;
				INFOPLIST_FILE = R360CrawlerSDKTest/Info.plist;
				LD_RUNPATH_SEARCH_PATHS = "$(inherited) @executable_path/Frameworks";
				PRODUCT_BUNDLE_IDENTIFIER = zhaohongya.R360CrawlerSDKTest;
				PRODUCT_NAME = "$(TARGET_NAME)";
				SWIFT_OBJC_BRIDGING_HEADER = "R360CrawlerSDKTest/R360CrawlerSDKTest-Bridging-Header.h";
				SWIFT_OPTIMIZATION_LEVEL = "-Onone";
				SWIFT_VERSION = 4.0;
				TARGETED_DEVICE_FAMILY = "1,2";
			};
			name = Debug;
		};
		D68956431FFB352000601423 /* Release */ = {
			isa = XCBuildConfiguration;
			buildSettings = {
				ASSETCATALOG_COMPILER_APPICON_NAME = AppIcon;
				CLANG_ENABLE_MODULES = YES;
				CODE_SIGN_STYLE = Automatic;
				DEVELOPMENT_TEAM = GM2EX5ALF4;
				INFOPLIST_FILE = R360CrawlerSDKTest/Info.plist;
				LD_RUNPATH_SEARCH_PATHS = "$(inherited) @executable_path/Frameworks";
				PRODUCT_BUNDLE_IDENTIFIER = zhaohongya.R360CrawlerSDKTest;
				PRODUCT_NAME = "$(TARGET_NAME)";
				SWIFT_OBJC_BRIDGING_HEADER = "R360CrawlerSDKTest/R360CrawlerSDKTest-Bridging-Header.h";
				SWIFT_VERSION = 4.0;
				TARGETED_DEVICE_FAMILY = "1,2";
			};
			name = Release;
		};
		D68956451FFB352000601423 /* Debug */ = {
			isa = XCBuildConfiguration;
			buildSettings = {
				ALWAYS_EMBED_SWIFT_STANDARD_LIBRARIES = YES;
				BUNDLE_LOADER = "$(TEST_HOST)";
				CODE_SIGN_STYLE = Automatic;
				DEVELOPMENT_TEAM = GM2EX5ALF4;
				INFOPLIST_FILE = R360CrawlerSDKTestTests/Info.plist;
				LD_RUNPATH_SEARCH_PATHS = "$(inherited) @executable_path/Frameworks @loader_path/Frameworks";
				PRODUCT_BUNDLE_IDENTIFIER = zhaohongya.R360CrawlerSDKTestTests;
				PRODUCT_NAME = "$(TARGET_NAME)";
				SWIFT_VERSION = 4.0;
				TARGETED_DEVICE_FAMILY = "1,2";
				TEST_HOST = "$(BUILT_PRODUCTS_DIR)/R360CrawlerSDKTest.app/R360CrawlerSDKTest";
			};
			name = Debug;
		};
		D68956461FFB352000601423 /* Release */ = {
			isa = XCBuildConfiguration;
			buildSettings = {
				ALWAYS_EMBED_SWIFT_STANDARD_LIBRARIES = YES;
				BUNDLE_LOADER = "$(TEST_HOST)";
				CODE_SIGN_STYLE = Automatic;
				DEVELOPMENT_TEAM = GM2EX5ALF4;
				INFOPLIST_FILE = R360CrawlerSDKTestTests/Info.plist;
				LD_RUNPATH_SEARCH_PATHS = "$(inherited) @executable_path/Frameworks @loader_path/Frameworks";
				PRODUCT_BUNDLE_IDENTIFIER = zhaohongya.R360CrawlerSDKTestTests;
				PRODUCT_NAME = "$(TARGET_NAME)";
				SWIFT_VERSION = 4.0;
				TARGETED_DEVICE_FAMILY = "1,2";
				TEST_HOST = "$(BUILT_PRODUCTS_DIR)/R360CrawlerSDKTest.app/R360CrawlerSDKTest";
			};
			name = Release;
		};
		D68956481FFB352000601423 /* Debug */ = {
			isa = XCBuildConfiguration;
			buildSettings = {
				ALWAYS_EMBED_SWIFT_STANDARD_LIBRARIES = YES;
				CODE_SIGN_STYLE = Automatic;
				DEVELOPMENT_TEAM = GM2EX5ALF4;
				INFOPLIST_FILE = R360CrawlerSDKTestUITests/Info.plist;
				LD_RUNPATH_SEARCH_PATHS = "$(inherited) @executable_path/Frameworks @loader_path/Frameworks";
				PRODUCT_BUNDLE_IDENTIFIER = zhaohongya.R360CrawlerSDKTestUITests;
				PRODUCT_NAME = "$(TARGET_NAME)";
				SWIFT_VERSION = 4.0;
				TARGETED_DEVICE_FAMILY = "1,2";
				TEST_TARGET_NAME = R360CrawlerSDKTest;
			};
			name = Debug;
		};
		D68956491FFB352000601423 /* Release */ = {
			isa = XCBuildConfiguration;
			buildSettings = {
				ALWAYS_EMBED_SWIFT_STANDARD_LIBRARIES = YES;
				CODE_SIGN_STYLE = Automatic;
				DEVELOPMENT_TEAM = GM2EX5ALF4;
				INFOPLIST_FILE = R360CrawlerSDKTestUITests/Info.plist;
				LD_RUNPATH_SEARCH_PATHS = "$(inherited) @executable_path/Frameworks @loader_path/Frameworks";
				PRODUCT_BUNDLE_IDENTIFIER = zhaohongya.R360CrawlerSDKTestUITests;
				PRODUCT_NAME = "$(TARGET_NAME)";
				SWIFT_VERSION = 4.0;
				TARGETED_DEVICE_FAMILY = "1,2";
				TEST_TARGET_NAME = R360CrawlerSDKTest;
			};
			name = Release;
		};
/* End XCBuildConfiguration section */

/* Begin XCConfigurationList section */
		D68956141FFB351F00601423 /* Build configuration list for PBXProject "R360CrawlerSDKTest" */ = {
			isa = XCConfigurationList;
			buildConfigurations = (
				D689563F1FFB352000601423 /* Debug */,
				D68956401FFB352000601423 /* Release */,
			);
			defaultConfigurationIsVisible = 0;
			defaultConfigurationName = Release;
		};
		D68956411FFB352000601423 /* Build configuration list for PBXNativeTarget "R360CrawlerSDKTest" */ = {
			isa = XCConfigurationList;
			buildConfigurations = (
				D68956421FFB352000601423 /* Debug */,
				D68956431FFB352000601423 /* Release */,
			);
			defaultConfigurationIsVisible = 0;
			defaultConfigurationName = Release;
		};
		D68956441FFB352000601423 /* Build configuration list for PBXNativeTarget "R360CrawlerSDKTestTests" */ = {
			isa = XCConfigurationList;
			buildConfigurations = (
				D68956451FFB352000601423 /* Debug */,
				D68956461FFB352000601423 /* Release */,
			);
			defaultConfigurationIsVisible = 0;
			defaultConfigurationName = Release;
		};
		D68956471FFB352000601423 /* Build configuration list for PBXNativeTarget "R360CrawlerSDKTestUITests" */ = {
			isa = XCConfigurationList;
			buildConfigurations = (
				D68956481FFB352000601423 /* Debug */,
				D68956491FFB352000601423 /* Release */,
			);
			defaultConfigurationIsVisible = 0;
			defaultConfigurationName = Release;
		};
/* End XCConfigurationList section */
	};
	rootObject = D68956111FFB351F00601423 /* Project object */;
}
